# THIS IS AN AUTOGENERATED FILE. DO NOT EDIT THIS FILE DIRECTLY.
# yarn lockfile v1


"@codama/cli@1.3.5":
  version "1.3.5"
  resolved "https://registry.yarnpkg.com/@codama/cli/-/cli-1.3.5.tgz#6bcfeefe93a496818430d7bbe4ed6dfb35e9b0ae"
  integrity sha512-UgJGaTK2TXnbRcnCgReKqcDFjU941XZTvA0qbSiFH0Njrwb0kcLkKirMKwdyDaCHry7QcybzIKbp4ErrwqExMA==
  dependencies:
    "@codama/nodes" "1.3.7"
    "@codama/visitors" "1.3.7"
    "@codama/visitors-core" "1.3.7"
    commander "^14.0.1"
    picocolors "^1.1.1"
    prompts "^2.4.2"

"@codama/errors@1.3.7", "@codama/errors@^1.3.7":
  version "1.3.7"
  resolved "https://registry.yarnpkg.com/@codama/errors/-/errors-1.3.7.tgz#2b8f80c6dc8ef945c6083f40ca18125b21b03583"
  integrity sha512-96BF8agDVc2vAgL4qw1lZZfuJ7XBefdzTBk2VOUnOhdMQiLb0QhJCC4BH88OcL+rZXQdet4pk7Qwarj1I1GFKg==
  dependencies:
    "@codama/node-types" "1.3.7"
    commander "^14.0.1"
    picocolors "^1.1.1"

"@codama/node-types@1.3.7":
  version "1.3.7"
  resolved "https://registry.yarnpkg.com/@codama/node-types/-/node-types-1.3.7.tgz#5e8b8faee34abb0187a0dc3b22144a7874e14d1d"
  integrity sha512-L9UTFfoeki5t+BYJAa4OMsqBPpbMbx8YJQar+55mYcjwGlJsKJW7mRfLYvwEFkCUYyLdNva40OVmTf88jccZCA==

"@codama/nodes-from-anchor@^1.2.9":
  version "1.2.9"
  resolved "https://registry.yarnpkg.com/@codama/nodes-from-anchor/-/nodes-from-anchor-1.2.9.tgz#1fd339f284f8020b851030fc6417b759c178b629"
  integrity sha512-n+53VumtguLeSzGWZLpJqWRqs+r8NkWb1w8Ci0AuWQ6Qwfbbk9LknUg1XkqpgZZuq2Hh/Xoy28yHBl2JeIXi3w==
  dependencies:
    "@codama/errors" "1.3.7"
    "@codama/nodes" "1.3.7"
    "@codama/visitors" "1.3.7"
    "@noble/hashes" "^1.8.0"
    "@solana/codecs" "^3.0.3"

"@codama/nodes@1.3.7", "@codama/nodes@^1.3.7":
  version "1.3.7"
  resolved "https://registry.yarnpkg.com/@codama/nodes/-/nodes-1.3.7.tgz#3ca22a93c0d5b20bfb9713bc736d82fc5308537b"
  integrity sha512-3OV6SIBcqsIDARyzZVGdfnffNlnKSYcb0aGp/9Liz5/EID0oBTIyuh/Cmj5Ww6RX4WPb+GNAxABAGW94zbcfQg==
  dependencies:
    "@codama/errors" "1.3.7"
    "@codama/node-types" "1.3.7"

"@codama/renderers-core@^1.2.2":
  version "1.2.2"
  resolved "https://registry.yarnpkg.com/@codama/renderers-core/-/renderers-core-1.2.2.tgz#be3bec25bbc4785fb697ccb9e208b6c37e672c8c"
  integrity sha512-dPyHgn5L45G+tWP17ITvOlpX3+s2FcJHMjAhFZlmUHAJpH/wl+UsUwuWg698iSb56Er2jUwqX7srw5iZf7XHjQ==
  dependencies:
    "@codama/errors" "1.3.7"
    "@codama/nodes" "1.3.7"
    "@codama/visitors-core" "1.3.7"

"@codama/renderers-js@^1.4.2":
  version "1.4.2"
  resolved "https://registry.yarnpkg.com/@codama/renderers-js/-/renderers-js-1.4.2.tgz#9ac3c2ffa938246fba824ab88758281d756da11f"
  integrity sha512-emYJEPNDQ/DjHYDBNPt/HEr+97ClpEQT7LPPNZ44DRSEG4Qj9ti/aBvtgOrIyESyyTOaKrUzu7Ew6S+TBB/eFg==
  dependencies:
    "@codama/errors" "^1.3.7"
    "@codama/nodes" "^1.3.7"
    "@codama/renderers-core" "^1.2.2"
    "@codama/visitors-core" "^1.3.7"
    "@solana/codecs-strings" "^3.0.3"
    prettier "^3.6.2"

"@codama/validators@1.3.7":
  version "1.3.7"
  resolved "https://registry.yarnpkg.com/@codama/validators/-/validators-1.3.7.tgz#7184bd08912c218a1803d9f230ec6bc027949f31"
  integrity sha512-OxuPhIPcuqSLmwDTcl9+VyEq6mwsLLqVXtQjgQgjEpr0IO/KAV9RG98Ye2yoK21jEVGDnzN9jsSQVHysRfpMMA==
  dependencies:
    "@codama/errors" "1.3.7"
    "@codama/nodes" "1.3.7"
    "@codama/visitors-core" "1.3.7"

"@codama/visitors-core@1.3.7", "@codama/visitors-core@^1.3.7":
  version "1.3.7"
  resolved "https://registry.yarnpkg.com/@codama/visitors-core/-/visitors-core-1.3.7.tgz#dcdcc821941970adf6651650cb7751c159f49ee4"
  integrity sha512-B1JnzhRDJiLxewha/F3YzeEp8Zrtd7eKiGNJFJHSPufAnIVm2lQUDaKS+OrAOHnSRmRKIAVdzfpFpdz6EM0N6Q==
  dependencies:
    "@codama/errors" "1.3.7"
    "@codama/nodes" "1.3.7"
    json-stable-stringify "^1.3.0"

"@codama/visitors@1.3.7":
  version "1.3.7"
  resolved "https://registry.yarnpkg.com/@codama/visitors/-/visitors-1.3.7.tgz#02f673153905a00624d8926c4310e4425d82b435"
  integrity sha512-pIVK84G4dquvDXmr0q9GACcwDROw7DOBz0Kk/qt837FsKYr37xc6nU2LIguXu8QVIFOHBZk1HVAb7/S0eo/dqg==
  dependencies:
    "@codama/errors" "1.3.7"
    "@codama/nodes" "1.3.7"
    "@codama/visitors-core" "1.3.7"

"@esbuild/aix-ppc64@0.25.10":
  version "0.25.10"
  resolved "https://registry.yarnpkg.com/@esbuild/aix-ppc64/-/aix-ppc64-0.25.10.tgz#ee6b7163a13528e099ecf562b972f2bcebe0aa97"
  integrity sha512-0NFWnA+7l41irNuaSVlLfgNT12caWJVLzp5eAVhZ0z1qpxbockccEt3s+149rE64VUI3Ml2zt8Nv5JVc4QXTsw==

"@esbuild/android-arm64@0.25.10":
  version "0.25.10"
  resolved "https://registry.yarnpkg.com/@esbuild/android-arm64/-/android-arm64-0.25.10.tgz#115fc76631e82dd06811bfaf2db0d4979c16e2cb"
  integrity sha512-LSQa7eDahypv/VO6WKohZGPSJDq5OVOo3UoFR1E4t4Gj1W7zEQMUhI+lo81H+DtB+kP+tDgBp+M4oNCwp6kffg==

"@esbuild/android-arm@0.25.10":
  version "0.25.10"
  resolved "https://registry.yarnpkg.com/@esbuild/android-arm/-/android-arm-0.25.10.tgz#8d5811912da77f615398611e5bbc1333fe321aa9"
  integrity sha512-dQAxF1dW1C3zpeCDc5KqIYuZ1tgAdRXNoZP7vkBIRtKZPYe2xVr/d3SkirklCHudW1B45tGiUlz2pUWDfbDD4w==

"@esbuild/android-x64@0.25.10":
  version "0.25.10"
  resolved "https://registry.yarnpkg.com/@esbuild/android-x64/-/android-x64-0.25.10.tgz#e3e96516b2d50d74105bb92594c473e30ddc16b1"
  integrity sha512-MiC9CWdPrfhibcXwr39p9ha1x0lZJ9KaVfvzA0Wxwz9ETX4v5CHfF09bx935nHlhi+MxhA63dKRRQLiVgSUtEg==

"@esbuild/darwin-arm64@0.25.10":
  version "0.25.10"
  resolved "https://registry.yarnpkg.com/@esbuild/darwin-arm64/-/darwin-arm64-0.25.10.tgz#6af6bb1d05887dac515de1b162b59dc71212ed76"
  integrity sha512-JC74bdXcQEpW9KkV326WpZZjLguSZ3DfS8wrrvPMHgQOIEIG/sPXEN/V8IssoJhbefLRcRqw6RQH2NnpdprtMA==

"@esbuild/darwin-x64@0.25.10":
  version "0.25.10"
  resolved "https://registry.yarnpkg.com/@esbuild/darwin-x64/-/darwin-x64-0.25.10.tgz#99ae82347fbd336fc2d28ffd4f05694e6e5b723d"
  integrity sha512-tguWg1olF6DGqzws97pKZ8G2L7Ig1vjDmGTwcTuYHbuU6TTjJe5FXbgs5C1BBzHbJ2bo1m3WkQDbWO2PvamRcg==

"@esbuild/freebsd-arm64@0.25.10":
  version "0.25.10"
  resolved "https://registry.yarnpkg.com/@esbuild/freebsd-arm64/-/freebsd-arm64-0.25.10.tgz#0c6d5558a6322b0bdb17f7025c19bd7d2359437d"
  integrity sha512-3ZioSQSg1HT2N05YxeJWYR+Libe3bREVSdWhEEgExWaDtyFbbXWb49QgPvFH8u03vUPX10JhJPcz7s9t9+boWg==

"@esbuild/freebsd-x64@0.25.10":
  version "0.25.10"
  resolved "https://registry.yarnpkg.com/@esbuild/freebsd-x64/-/freebsd-x64-0.25.10.tgz#8c35873fab8c0857a75300a3dcce4324ca0b9844"
  integrity sha512-LLgJfHJk014Aa4anGDbh8bmI5Lk+QidDmGzuC2D+vP7mv/GeSN+H39zOf7pN5N8p059FcOfs2bVlrRr4SK9WxA==

"@esbuild/linux-arm64@0.25.10":
  version "0.25.10"
  resolved "https://registry.yarnpkg.com/@esbuild/linux-arm64/-/linux-arm64-0.25.10.tgz#3edc2f87b889a15b4cedaf65f498c2bed7b16b90"
  integrity sha512-5luJWN6YKBsawd5f9i4+c+geYiVEw20FVW5x0v1kEMWNq8UctFjDiMATBxLvmmHA4bf7F6hTRaJgtghFr9iziQ==

"@esbuild/linux-arm@0.25.10":
  version "0.25.10"
  resolved "https://registry.yarnpkg.com/@esbuild/linux-arm/-/linux-arm-0.25.10.tgz#86501cfdfb3d110176d80c41b27ed4611471cde7"
  integrity sha512-oR31GtBTFYCqEBALI9r6WxoU/ZofZl962pouZRTEYECvNF/dtXKku8YXcJkhgK/beU+zedXfIzHijSRapJY3vg==

"@esbuild/linux-ia32@0.25.10":
  version "0.25.10"
  resolved "https://registry.yarnpkg.com/@esbuild/linux-ia32/-/linux-ia32-0.25.10.tgz#e6589877876142537c6864680cd5d26a622b9d97"
  integrity sha512-NrSCx2Kim3EnnWgS4Txn0QGt0Xipoumb6z6sUtl5bOEZIVKhzfyp/Lyw4C1DIYvzeW/5mWYPBFJU3a/8Yr75DQ==

"@esbuild/linux-loong64@0.25.10":
  version "0.25.10"
  resolved "https://registry.yarnpkg.com/@esbuild/linux-loong64/-/linux-loong64-0.25.10.tgz#11119e18781f136d8083ea10eb6be73db7532de8"
  integrity sha512-xoSphrd4AZda8+rUDDfD9J6FUMjrkTz8itpTITM4/xgerAZZcFW7Dv+sun7333IfKxGG8gAq+3NbfEMJfiY+Eg==

"@esbuild/linux-mips64el@0.25.10":
  version "0.25.10"
  resolved "https://registry.yarnpkg.com/@esbuild/linux-mips64el/-/linux-mips64el-0.25.10.tgz#3052f5436b0c0c67a25658d5fc87f045e7def9e6"
  integrity sha512-ab6eiuCwoMmYDyTnyptoKkVS3k8fy/1Uvq7Dj5czXI6DF2GqD2ToInBI0SHOp5/X1BdZ26RKc5+qjQNGRBelRA==

"@esbuild/linux-ppc64@0.25.10":
  version "0.25.10"
  resolved "https://registry.yarnpkg.com/@esbuild/linux-ppc64/-/linux-ppc64-0.25.10.tgz#2f098920ee5be2ce799f35e367b28709925a8744"
  integrity sha512-NLinzzOgZQsGpsTkEbdJTCanwA5/wozN9dSgEl12haXJBzMTpssebuXR42bthOF3z7zXFWH1AmvWunUCkBE4EA==

"@esbuild/linux-riscv64@0.25.10":
  version "0.25.10"
  resolved "https://registry.yarnpkg.com/@esbuild/linux-riscv64/-/linux-riscv64-0.25.10.tgz#fa51d7fd0a22a62b51b4b94b405a3198cf7405dd"
  integrity sha512-FE557XdZDrtX8NMIeA8LBJX3dC2M8VGXwfrQWU7LB5SLOajfJIxmSdyL/gU1m64Zs9CBKvm4UAuBp5aJ8OgnrA==

"@esbuild/linux-s390x@0.25.10":
  version "0.25.10"
  resolved "https://registry.yarnpkg.com/@esbuild/linux-s390x/-/linux-s390x-0.25.10.tgz#a27642e36fc282748fdb38954bd3ef4f85791e8a"
  integrity sha512-3BBSbgzuB9ajLoVZk0mGu+EHlBwkusRmeNYdqmznmMc9zGASFjSsxgkNsqmXugpPk00gJ0JNKh/97nxmjctdew==

"@esbuild/linux-x64@0.25.10":
  version "0.25.10"
  resolved "https://registry.yarnpkg.com/@esbuild/linux-x64/-/linux-x64-0.25.10.tgz#9d9b09c0033d17529570ced6d813f98315dfe4e9"
  integrity sha512-QSX81KhFoZGwenVyPoberggdW1nrQZSvfVDAIUXr3WqLRZGZqWk/P4T8p2SP+de2Sr5HPcvjhcJzEiulKgnxtA==

"@esbuild/netbsd-arm64@0.25.10":
  version "0.25.10"
  resolved "https://registry.yarnpkg.com/@esbuild/netbsd-arm64/-/netbsd-arm64-0.25.10.tgz#25c09a659c97e8af19e3f2afd1c9190435802151"
  integrity sha512-AKQM3gfYfSW8XRk8DdMCzaLUFB15dTrZfnX8WXQoOUpUBQ+NaAFCP1kPS/ykbbGYz7rxn0WS48/81l9hFl3u4A==

"@esbuild/netbsd-x64@0.25.10":
  version "0.25.10"
  resolved "https://registry.yarnpkg.com/@esbuild/netbsd-x64/-/netbsd-x64-0.25.10.tgz#7fa5f6ffc19be3a0f6f5fd32c90df3dc2506937a"
  integrity sha512-7RTytDPGU6fek/hWuN9qQpeGPBZFfB4zZgcz2VK2Z5VpdUxEI8JKYsg3JfO0n/Z1E/6l05n0unDCNc4HnhQGig==

"@esbuild/openbsd-arm64@0.25.10":
  version "0.25.10"
  resolved "https://registry.yarnpkg.com/@esbuild/openbsd-arm64/-/openbsd-arm64-0.25.10.tgz#8faa6aa1afca0c6d024398321d6cb1c18e72a1c3"
  integrity sha512-5Se0VM9Wtq797YFn+dLimf2Zx6McttsH2olUBsDml+lm0GOCRVebRWUvDtkY4BWYv/3NgzS8b/UM3jQNh5hYyw==

"@esbuild/openbsd-x64@0.25.10":
  version "0.25.10"
  resolved "https://registry.yarnpkg.com/@esbuild/openbsd-x64/-/openbsd-x64-0.25.10.tgz#a42979b016f29559a8453d32440d3c8cd420af5e"
  integrity sha512-XkA4frq1TLj4bEMB+2HnI0+4RnjbuGZfet2gs/LNs5Hc7D89ZQBHQ0gL2ND6Lzu1+QVkjp3x1gIcPKzRNP8bXw==

"@esbuild/openharmony-arm64@0.25.10":
  version "0.25.10"
  resolved "https://registry.yarnpkg.com/@esbuild/openharmony-arm64/-/openharmony-arm64-0.25.10.tgz#fd87bfeadd7eeb3aa384bbba907459ffa3197cb1"
  integrity sha512-AVTSBhTX8Y/Fz6OmIVBip9tJzZEUcY8WLh7I59+upa5/GPhh2/aM6bvOMQySspnCCHvFi79kMtdJS1w0DXAeag==

"@esbuild/sunos-x64@0.25.10":
  version "0.25.10"
  resolved "https://registry.yarnpkg.com/@esbuild/sunos-x64/-/sunos-x64-0.25.10.tgz#3a18f590e36cb78ae7397976b760b2b8c74407f4"
  integrity sha512-fswk3XT0Uf2pGJmOpDB7yknqhVkJQkAQOcW/ccVOtfx05LkbWOaRAtn5SaqXypeKQra1QaEa841PgrSL9ubSPQ==

"@esbuild/win32-arm64@0.25.10":
  version "0.25.10"
  resolved "https://registry.yarnpkg.com/@esbuild/win32-arm64/-/win32-arm64-0.25.10.tgz#e71741a251e3fd971408827a529d2325551f530c"
  integrity sha512-ah+9b59KDTSfpaCg6VdJoOQvKjI33nTaQr4UluQwW7aEwZQsbMCfTmfEO4VyewOxx4RaDT/xCy9ra2GPWmO7Kw==

"@esbuild/win32-ia32@0.25.10":
  version "0.25.10"
  resolved "https://registry.yarnpkg.com/@esbuild/win32-ia32/-/win32-ia32-0.25.10.tgz#c6f010b5d3b943d8901a0c87ea55f93b8b54bf94"
  integrity sha512-QHPDbKkrGO8/cz9LKVnJU22HOi4pxZnZhhA2HYHez5Pz4JeffhDjf85E57Oyco163GnzNCVkZK0b/n4Y0UHcSw==

"@esbuild/win32-x64@0.25.10":
  version "0.25.10"
  resolved "https://registry.yarnpkg.com/@esbuild/win32-x64/-/win32-x64-0.25.10.tgz#e4b3e255a1b4aea84f6e1d2ae0b73f826c3785bd"
  integrity sha512-9KpxSVFCu0iK1owoez6aC/s/EdUQLDN3adTxGCqxMVhrPDj6bt5dbrHDXUuq+Bs2vATFBBrQS5vdQ/Ed2P+nbw==

"@noble/hashes@^1.8.0":
  version "1.8.0"
  resolved "https://registry.yarnpkg.com/@noble/hashes/-/hashes-1.8.0.tgz#cee43d801fcef9644b11b8194857695acd5f815a"
  integrity sha512-jCs9ldd7NwzpgXDIf6P3+NrHh9/sD6CQdxHyjQI+h/6rDNo88ypBxxz45UDuZHz9r3tNz7N/VInSVoVdtXEI4A==

"@solana-program/system@^0.8.0":
  version "0.8.0"
  resolved "https://registry.yarnpkg.com/@solana-program/system/-/system-0.8.0.tgz#8d08affc5188d0e434586c33126e407a21e19087"
  integrity sha512-/VJZjFoI+FMrsO5gPgktRIo6Sf/2pMEkkpA6grLtm4Xx52bQDo4fBvhA33FL+3pSf25yHcMcXwrKwqDk6/O1fw==

"@solana/accounts@3.0.3":
  version "3.0.3"
  resolved "https://registry.yarnpkg.com/@solana/accounts/-/accounts-3.0.3.tgz#29207bbcac3cf6a7afefcb87559edc3de1938595"
  integrity sha512-KqlePrlZaHXfu8YQTCxN204ZuVm9o68CCcUr6l27MG2cuRUtEM1Ta0iR8JFkRUAEfZJC4Cu0ZDjK/v49loXjZQ==
  dependencies:
    "@solana/addresses" "3.0.3"
    "@solana/codecs-core" "3.0.3"
    "@solana/codecs-strings" "3.0.3"
    "@solana/errors" "3.0.3"
    "@solana/rpc-spec" "3.0.3"
    "@solana/rpc-types" "3.0.3"

"@solana/addresses@3.0.3":
  version "3.0.3"
  resolved "https://registry.yarnpkg.com/@solana/addresses/-/addresses-3.0.3.tgz#cb21eda40984e587619677e19d9be02affdee962"
  integrity sha512-AuMwKhJI89ANqiuJ/fawcwxNKkSeHH9CApZd2xelQQLS7X8uxAOovpcmEgiObQuiVP944s9ScGUT62Bdul9qYg==
  dependencies:
    "@solana/assertions" "3.0.3"
    "@solana/codecs-core" "3.0.3"
    "@solana/codecs-strings" "3.0.3"
    "@solana/errors" "3.0.3"
    "@solana/nominal-types" "3.0.3"

"@solana/assertions@3.0.3":
  version "3.0.3"
  resolved "https://registry.yarnpkg.com/@solana/assertions/-/assertions-3.0.3.tgz#dcb17d20071283161ce06bb251bd22c4ae672078"
  integrity sha512-2qspxdbWp2y62dfCIlqeWQr4g+hE8FYSSwcaP6itwMwGRb8393yDGCJfI/znuzJh6m/XVWhMHIgFgsBwnevCmg==
  dependencies:
    "@solana/errors" "3.0.3"

"@solana/codecs-core@3.0.3":
  version "3.0.3"
  resolved "https://registry.yarnpkg.com/@solana/codecs-core/-/codecs-core-3.0.3.tgz#c85130c2afdc98a1508809dfe596f970cc6094bb"
  integrity sha512-emKykJ3h1DmnDOY29Uv9eJXP8E/FHzvlUBJ6te+5EbKdFjj7vdlKYPfDxOI6iGdXTY+YC/ELtbNBh6QwF2uEDQ==
  dependencies:
    "@solana/errors" "3.0.3"

"@solana/codecs-data-structures@3.0.3":
  version "3.0.3"
  resolved "https://registry.yarnpkg.com/@solana/codecs-data-structures/-/codecs-data-structures-3.0.3.tgz#3379a7578f26539994cdc58d65b2bffb54fe3ecb"
  integrity sha512-R15cLp8riJvToXziW8lP6AMSwsztGhEnwgyGmll32Mo0Yjq+hduW2/fJrA/TJs6tA/OgTzMQjlxgk009EqZHCw==
  dependencies:
    "@solana/codecs-core" "3.0.3"
    "@solana/codecs-numbers" "3.0.3"
    "@solana/errors" "3.0.3"

"@solana/codecs-numbers@3.0.3":
  version "3.0.3"
  resolved "https://registry.yarnpkg.com/@solana/codecs-numbers/-/codecs-numbers-3.0.3.tgz#d7f867e81754dbcc81d50a6073d37c1adc12634a"
  integrity sha512-pfXkH9J0glrM8qj6389GAn30+cJOxzXLR2FsPOHCUMXrqLhGjMMZAWhsQkpOQ37SGc/7EiQsT/gmyGC7gxHqJQ==
  dependencies:
    "@solana/codecs-core" "3.0.3"
    "@solana/errors" "3.0.3"

"@solana/codecs-strings@3.0.3", "@solana/codecs-strings@^3.0.3":
  version "3.0.3"
  resolved "https://registry.yarnpkg.com/@solana/codecs-strings/-/codecs-strings-3.0.3.tgz#2abe7a46a8721c28b71670a2dd97c41b17a94ec5"
  integrity sha512-VHBXnnTVtcQ1j+7Vrz+qSYo38no+jiHRdGnhFspRXEHNJbllzwKqgBE7YN3qoIXH+MKxgJUcwO5KHmdzf8Wn2A==
  dependencies:
    "@solana/codecs-core" "3.0.3"
    "@solana/codecs-numbers" "3.0.3"
    "@solana/errors" "3.0.3"

"@solana/codecs@3.0.3", "@solana/codecs@^3.0.3":
  version "3.0.3"
  resolved "https://registry.yarnpkg.com/@solana/codecs/-/codecs-3.0.3.tgz#1d417dca4f3d0d3a51d27c822e7b23778cbc7450"
  integrity sha512-GOHwTlIQsCoJx9Ryr6cEf0FHKAQ7pY4aO4xgncAftrv0lveTQ1rPP2inQ1QT0gJllsIa8nwbfXAADs9nNJxQDA==
  dependencies:
    "@solana/codecs-core" "3.0.3"
    "@solana/codecs-data-structures" "3.0.3"
    "@solana/codecs-numbers" "3.0.3"
    "@solana/codecs-strings" "3.0.3"
    "@solana/options" "3.0.3"

"@solana/errors@3.0.3":
  version "3.0.3"
  resolved "https://registry.yarnpkg.com/@solana/errors/-/errors-3.0.3.tgz#e3d4e78dbf7a792d34ed2492d9dee471968d516b"
  integrity sha512-1l84xJlHNva6io62PcYfUamwWlc0eM95nHgCrKX0g0cLoC6D6QHYPCEbEVkR+C5UtP9JDgyQM8MFiv+Ei5tO9Q==
  dependencies:
    chalk "5.6.2"
    commander "14.0.0"

"@solana/fast-stable-stringify@3.0.3":
  version "3.0.3"
  resolved "https://registry.yarnpkg.com/@solana/fast-stable-stringify/-/fast-stable-stringify-3.0.3.tgz#cc0e003600e9afd109ac8d19a2fe8aaaf1adbaa0"
  integrity sha512-ED0pxB6lSEYvg+vOd5hcuQrgzEDnOrURFgp1ZOY+lQhJkQU6xo+P829NcJZQVP1rdU2/YQPAKJKEseyfe9VMIw==

"@solana/functional@3.0.3":
  version "3.0.3"
  resolved "https://registry.yarnpkg.com/@solana/functional/-/functional-3.0.3.tgz#3b5b1f06fa2e0b388e973c4bd3081c6fd227f99a"
  integrity sha512-2qX1kKANn8995vOOh5S9AmF4ItGZcfbny0w28Eqy8AFh+GMnSDN4gqpmV2LvxBI9HibXZptGH3RVOMk82h1Mpw==

"@solana/instruction-plans@3.0.3":
  version "3.0.3"
  resolved "https://registry.yarnpkg.com/@solana/instruction-plans/-/instruction-plans-3.0.3.tgz#8449477b2126f00bb4e6bfab5f06b3d5810abd5e"
  integrity sha512-eqoaPtWtmLTTpdvbt4BZF5H6FIlJtXi9H7qLOM1dLYonkOX2Ncezx5NDCZ9tMb2qxVMF4IocYsQnNSnMfjQF1w==
  dependencies:
    "@solana/errors" "3.0.3"
    "@solana/instructions" "3.0.3"
    "@solana/promises" "3.0.3"
    "@solana/transaction-messages" "3.0.3"
    "@solana/transactions" "3.0.3"

"@solana/instructions@3.0.3":
  version "3.0.3"
  resolved "https://registry.yarnpkg.com/@solana/instructions/-/instructions-3.0.3.tgz#a10663974a805c3bcf134c9e50c1583f34372afb"
  integrity sha512-4csIi8YUDb5j/J+gDzmYtOvq7ZWLbCxj4t0xKn+fPrBk/FD2pK29KVT3Fu7j4Lh1/ojunQUP9X4NHwUexY3PnA==
  dependencies:
    "@solana/codecs-core" "3.0.3"
    "@solana/errors" "3.0.3"

"@solana/keys@3.0.3":
  version "3.0.3"
  resolved "https://registry.yarnpkg.com/@solana/keys/-/keys-3.0.3.tgz#d20619c0c80852f4c4c5056b5e775a84f333fbe3"
  integrity sha512-tp8oK9tMadtSIc4vF4aXXWkPd4oU5XPW8nf28NgrGDWGt25fUHIydKjkf2hPtMt9i1WfRyQZ33B5P3dnsNqcPQ==
  dependencies:
    "@solana/assertions" "3.0.3"
    "@solana/codecs-core" "3.0.3"
    "@solana/codecs-strings" "3.0.3"
    "@solana/errors" "3.0.3"
    "@solana/nominal-types" "3.0.3"

"@solana/kit@^3.0.3":
  version "3.0.3"
  resolved "https://registry.yarnpkg.com/@solana/kit/-/kit-3.0.3.tgz#bf4388c81572a9846bf1f351495530ee9bd5e74c"
  integrity sha512-CEEhCDmkvztd1zbgADsEQhmj9GyWOOGeW1hZD+gtwbBSF5YN1uofS/pex5MIh/VIqKRj+A2UnYWI1V+9+q/lyQ==
  dependencies:
    "@solana/accounts" "3.0.3"
    "@solana/addresses" "3.0.3"
    "@solana/codecs" "3.0.3"
    "@solana/errors" "3.0.3"
    "@solana/functional" "3.0.3"
    "@solana/instruction-plans" "3.0.3"
    "@solana/instructions" "3.0.3"
    "@solana/keys" "3.0.3"
    "@solana/programs" "3.0.3"
    "@solana/rpc" "3.0.3"
    "@solana/rpc-parsed-types" "3.0.3"
    "@solana/rpc-spec-types" "3.0.3"
    "@solana/rpc-subscriptions" "3.0.3"
    "@solana/rpc-types" "3.0.3"
    "@solana/signers" "3.0.3"
    "@solana/sysvars" "3.0.3"
    "@solana/transaction-confirmation" "3.0.3"
    "@solana/transaction-messages" "3.0.3"
    "@solana/transactions" "3.0.3"

"@solana/nominal-types@3.0.3":
  version "3.0.3"
  resolved "https://registry.yarnpkg.com/@solana/nominal-types/-/nominal-types-3.0.3.tgz#e1aca188051e107d6f0433f58a00f79ef74183ee"
  integrity sha512-aZavCiexeUAoMHRQg4s1AHkH3wscbOb70diyfjhwZVgFz1uUsFez7csPp9tNFkNolnadVb2gky7yBk3IImQJ6A==

"@solana/options@3.0.3":
  version "3.0.3"
  resolved "https://registry.yarnpkg.com/@solana/options/-/options-3.0.3.tgz#c15537ac4fbef4560880166885c28274baade402"
  integrity sha512-jarsmnQ63RN0JPC5j9sgUat07NrL9PC71XU7pUItd6LOHtu4+wJMio3l5mT0DHVfkfbFLL6iI6+QmXSVhTNF3g==
  dependencies:
    "@solana/codecs-core" "3.0.3"
    "@solana/codecs-data-structures" "3.0.3"
    "@solana/codecs-numbers" "3.0.3"
    "@solana/codecs-strings" "3.0.3"
    "@solana/errors" "3.0.3"

"@solana/programs@3.0.3":
  version "3.0.3"
  resolved "https://registry.yarnpkg.com/@solana/programs/-/programs-3.0.3.tgz#1ea8a32e472745cb5cca08fb3322acb5caa2cc7a"
  integrity sha512-JZlVE3/AeSNDuH3aEzCZoDu8GTXkMpGXxf93zXLzbxfxhiQ/kHrReN4XE/JWZ/uGWbaFZGR5B3UtdN2QsoZL7w==
  dependencies:
    "@solana/addresses" "3.0.3"
    "@solana/errors" "3.0.3"

"@solana/promises@3.0.3":
  version "3.0.3"
  resolved "https://registry.yarnpkg.com/@solana/promises/-/promises-3.0.3.tgz#7dbcee96d5b8ef9fb5d98162d7bf6b40de537b5b"
  integrity sha512-K+UflGBVxj30XQMHTylHHZJdKH5QG3oj5k2s42GrZ/Wbu72oapVJySMBgpK45+p90t8/LEqV6rRPyTXlet9J+Q==

"@solana/rpc-api@3.0.3":
  version "3.0.3"
  resolved "https://registry.yarnpkg.com/@solana/rpc-api/-/rpc-api-3.0.3.tgz#e841a758a173f1c933dbc64652a803d010fc07ae"
  integrity sha512-Yym9/Ama62OY69rAZgbOCAy1QlqaWAyb0VlqFuwSaZV1pkFCCFSwWEJEsiN1n8pb2ZP+RtwNvmYixvWizx9yvA==
  dependencies:
    "@solana/addresses" "3.0.3"
    "@solana/codecs-core" "3.0.3"
    "@solana/codecs-strings" "3.0.3"
    "@solana/errors" "3.0.3"
    "@solana/keys" "3.0.3"
    "@solana/rpc-parsed-types" "3.0.3"
    "@solana/rpc-spec" "3.0.3"
    "@solana/rpc-transformers" "3.0.3"
    "@solana/rpc-types" "3.0.3"
    "@solana/transaction-messages" "3.0.3"
    "@solana/transactions" "3.0.3"

"@solana/rpc-parsed-types@3.0.3":
  version "3.0.3"
  resolved "https://registry.yarnpkg.com/@solana/rpc-parsed-types/-/rpc-parsed-types-3.0.3.tgz#a54758a39e47d88e4dfd2d19be97d1f8b8961f1a"
  integrity sha512-/koM05IM2fU91kYDQxXil3VBNlOfcP+gXE0js1sdGz8KonGuLsF61CiKB5xt6u1KEXhRyDdXYLjf63JarL4Ozg==

"@solana/rpc-spec-types@3.0.3":
  version "3.0.3"
  resolved "https://registry.yarnpkg.com/@solana/rpc-spec-types/-/rpc-spec-types-3.0.3.tgz#9aba0e54f2659f3d0ece1c006235f58522feae46"
  integrity sha512-A6Jt8SRRetnN3CeGAvGJxigA9zYRslGgWcSjueAZGvPX+MesFxEUjSWZCfl+FogVFvwkqfkgQZQbPAGZQFJQ6Q==

"@solana/rpc-spec@3.0.3":
  version "3.0.3"
  resolved "https://registry.yarnpkg.com/@solana/rpc-spec/-/rpc-spec-3.0.3.tgz#daf1d0b2ee9488bda19d8fc841e2fc8dbcf99572"
  integrity sha512-MZn5/8BebB6MQ4Gstw6zyfWsFAZYAyLzMK+AUf/rSfT8tPmWiJ/mcxnxqOXvFup/l6D67U8pyGpIoFqwCeZqqA==
  dependencies:
    "@solana/errors" "3.0.3"
    "@solana/rpc-spec-types" "3.0.3"

"@solana/rpc-subscriptions-api@3.0.3":
  version "3.0.3"
  resolved "https://registry.yarnpkg.com/@solana/rpc-subscriptions-api/-/rpc-subscriptions-api-3.0.3.tgz#4fb02f5530919c20166fce7e484926df8758bb43"
  integrity sha512-MGgVK3PUS15qsjuhimpzGZrKD/CTTvS0mAlQ0Jw84zsr1RJVdQJK/F0igu07BVd172eTZL8d90NoAQ3dahW5pA==
  dependencies:
    "@solana/addresses" "3.0.3"
    "@solana/keys" "3.0.3"
    "@solana/rpc-subscriptions-spec" "3.0.3"
    "@solana/rpc-transformers" "3.0.3"
    "@solana/rpc-types" "3.0.3"
    "@solana/transaction-messages" "3.0.3"
    "@solana/transactions" "3.0.3"

"@solana/rpc-subscriptions-channel-websocket@3.0.3":
  version "3.0.3"
  resolved "https://registry.yarnpkg.com/@solana/rpc-subscriptions-channel-websocket/-/rpc-subscriptions-channel-websocket-3.0.3.tgz#fed30fa028a7b06aeeb484f2be1dba0613042712"
  integrity sha512-zUzUlb8Cwnw+SHlsLrSqyBRtOJKGc+FvSNJo/vWAkLShoV0wUDMPv7VvhTngJx3B/3ANfrOZ4i08i9QfYPAvpQ==
  dependencies:
    "@solana/errors" "3.0.3"
    "@solana/functional" "3.0.3"
    "@solana/rpc-subscriptions-spec" "3.0.3"
    "@solana/subscribable" "3.0.3"

"@solana/rpc-subscriptions-spec@3.0.3":
  version "3.0.3"
  resolved "https://registry.yarnpkg.com/@solana/rpc-subscriptions-spec/-/rpc-subscriptions-spec-3.0.3.tgz#5b2c4987c64cdc9e84972f186edb2703000b131f"
  integrity sha512-9KpQ32OBJWS85mn6q3gkM0AjQe1LKYlMU7gpJRrla/lvXxNLhI95tz5K6StctpUreVmRWTVkNamHE69uUQyY8A==
  dependencies:
    "@solana/errors" "3.0.3"
    "@solana/promises" "3.0.3"
    "@solana/rpc-spec-types" "3.0.3"
    "@solana/subscribable" "3.0.3"

"@solana/rpc-subscriptions@3.0.3":
  version "3.0.3"
  resolved "https://registry.yarnpkg.com/@solana/rpc-subscriptions/-/rpc-subscriptions-3.0.3.tgz#cc4ed7d052d2e31e4f641b4827c052c54454198b"
  integrity sha512-LRvz6NaqvtsYFd32KwZ+rwYQ9XCs+DWjV8BvBLsJpt9/NWSuHf/7Sy/vvP6qtKxut692H/TMvHnC4iulg0WmiQ==
  dependencies:
    "@solana/errors" "3.0.3"
    "@solana/fast-stable-stringify" "3.0.3"
    "@solana/functional" "3.0.3"
    "@solana/promises" "3.0.3"
    "@solana/rpc-spec-types" "3.0.3"
    "@solana/rpc-subscriptions-api" "3.0.3"
    "@solana/rpc-subscriptions-channel-websocket" "3.0.3"
    "@solana/rpc-subscriptions-spec" "3.0.3"
    "@solana/rpc-transformers" "3.0.3"
    "@solana/rpc-types" "3.0.3"
    "@solana/subscribable" "3.0.3"

"@solana/rpc-transformers@3.0.3":
  version "3.0.3"
  resolved "https://registry.yarnpkg.com/@solana/rpc-transformers/-/rpc-transformers-3.0.3.tgz#a895728d4c9bfde7f95e010afc98c7bee4ede484"
  integrity sha512-lzdaZM/dG3s19Tsk4mkJA5JBoS1eX9DnD7z62gkDwrwJDkDBzkAJT9aLcsYFfTmwTfIp6uU2UPgGYc97i1wezw==
  dependencies:
    "@solana/errors" "3.0.3"
    "@solana/functional" "3.0.3"
    "@solana/nominal-types" "3.0.3"
    "@solana/rpc-spec-types" "3.0.3"
    "@solana/rpc-types" "3.0.3"

"@solana/rpc-transport-http@3.0.3":
  version "3.0.3"
  resolved "https://registry.yarnpkg.com/@solana/rpc-transport-http/-/rpc-transport-http-3.0.3.tgz#b8a2d35b996fb134e1466bec28e539efcd04f4ee"
  integrity sha512-bIXFwr2LR5A97Z46dI661MJPbHnPfcShBjFzOS/8Rnr8P4ho3j/9EUtjDrsqoxGJT3SLWj5OlyXAlaDAvVTOUQ==
  dependencies:
    "@solana/errors" "3.0.3"
    "@solana/rpc-spec" "3.0.3"
    "@solana/rpc-spec-types" "3.0.3"
    undici-types "^7.15.0"

"@solana/rpc-types@3.0.3":
  version "3.0.3"
  resolved "https://registry.yarnpkg.com/@solana/rpc-types/-/rpc-types-3.0.3.tgz#30d310f750706742ae3987db4eaed6651752a5e1"
  integrity sha512-petWQ5xSny9UfmC3Qp2owyhNU0w9SyBww4+v7tSVyXMcCC9v6j/XsqTeimH1S0qQUllnv0/FY83ohFaxofmZ6Q==
  dependencies:
    "@solana/addresses" "3.0.3"
    "@solana/codecs-core" "3.0.3"
    "@solana/codecs-numbers" "3.0.3"
    "@solana/codecs-strings" "3.0.3"
    "@solana/errors" "3.0.3"
    "@solana/nominal-types" "3.0.3"

"@solana/rpc@3.0.3":
  version "3.0.3"
  resolved "https://registry.yarnpkg.com/@solana/rpc/-/rpc-3.0.3.tgz#f9d00d4983721860d3a03d3eb6229c2819a4c84a"
  integrity sha512-3oukAaLK78GegkKcm6iNmRnO4mFeNz+BMvA8T56oizoBNKiRVEq/6DFzVX/LkmZ+wvD601pAB3uCdrTPcC0YKQ==
  dependencies:
    "@solana/errors" "3.0.3"
    "@solana/fast-stable-stringify" "3.0.3"
    "@solana/functional" "3.0.3"
    "@solana/rpc-api" "3.0.3"
    "@solana/rpc-spec" "3.0.3"
    "@solana/rpc-spec-types" "3.0.3"
    "@solana/rpc-transformers" "3.0.3"
    "@solana/rpc-transport-http" "3.0.3"
    "@solana/rpc-types" "3.0.3"

"@solana/signers@3.0.3":
  version "3.0.3"
  resolved "https://registry.yarnpkg.com/@solana/signers/-/signers-3.0.3.tgz#1a1e71979c2818991309030a3d723426c521103f"
  integrity sha512-UwCd/uPYTZiwd283JKVyOWLLN5sIgMBqGDyUmNU3vo9hcmXKv5ZGm/9TvwMY2z35sXWuIOcj7etxJ8OoWc/ObQ==
  dependencies:
    "@solana/addresses" "3.0.3"
    "@solana/codecs-core" "3.0.3"
    "@solana/errors" "3.0.3"
    "@solana/instructions" "3.0.3"
    "@solana/keys" "3.0.3"
    "@solana/nominal-types" "3.0.3"
    "@solana/transaction-messages" "3.0.3"
    "@solana/transactions" "3.0.3"

"@solana/subscribable@3.0.3":
  version "3.0.3"
  resolved "https://registry.yarnpkg.com/@solana/subscribable/-/subscribable-3.0.3.tgz#f162810d5c12746e1bf1c1fe52bbabed48a39a19"
  integrity sha512-FJ27LKGHLQ5GGttPvTOLQDLrrOZEgvaJhB7yYaHAhPk25+p+erBaQpjePhfkMyUbL1FQbxn1SUJmS6jUuaPjlQ==
  dependencies:
    "@solana/errors" "3.0.3"

"@solana/sysvars@3.0.3":
  version "3.0.3"
  resolved "https://registry.yarnpkg.com/@solana/sysvars/-/sysvars-3.0.3.tgz#8e22907b4280f21675cbbcb48f6777d365f31e31"
  integrity sha512-GnHew+QeKCs2f9ow+20swEJMH4mDfJA/QhtPgOPTYQx/z69J4IieYJ7fZenSHnA//lJ45fVdNdmy1trypvPLBQ==
  dependencies:
    "@solana/accounts" "3.0.3"
    "@solana/codecs" "3.0.3"
    "@solana/errors" "3.0.3"
    "@solana/rpc-types" "3.0.3"

"@solana/transaction-confirmation@3.0.3":
  version "3.0.3"
  resolved "https://registry.yarnpkg.com/@solana/transaction-confirmation/-/transaction-confirmation-3.0.3.tgz#92bac44c6e847fa4f1368a43957d3f01f4df8e44"
  integrity sha512-dXx0OLtR95LMuARgi2dDQlL1QYmk56DOou5q9wKymmeV3JTvfDExeWXnOgjRBBq/dEfj4ugN1aZuTaS18UirFw==
  dependencies:
    "@solana/addresses" "3.0.3"
    "@solana/codecs-strings" "3.0.3"
    "@solana/errors" "3.0.3"
    "@solana/keys" "3.0.3"
    "@solana/promises" "3.0.3"
    "@solana/rpc" "3.0.3"
    "@solana/rpc-subscriptions" "3.0.3"
    "@solana/rpc-types" "3.0.3"
    "@solana/transaction-messages" "3.0.3"
    "@solana/transactions" "3.0.3"

"@solana/transaction-messages@3.0.3":
  version "3.0.3"
  resolved "https://registry.yarnpkg.com/@solana/transaction-messages/-/transaction-messages-3.0.3.tgz#1f7f5a522060f1071eaa0ec8f75f9e3c53025438"
  integrity sha512-s+6NWRnBhnnjFWV4x2tzBzoWa6e5LiIxIvJlWwVQBFkc8fMGY04w7jkFh0PM08t/QFKeXBEWkyBDa/TFYdkWug==
  dependencies:
    "@solana/addresses" "3.0.3"
    "@solana/codecs-core" "3.0.3"
    "@solana/codecs-data-structures" "3.0.3"
    "@solana/codecs-numbers" "3.0.3"
    "@solana/errors" "3.0.3"
    "@solana/functional" "3.0.3"
    "@solana/instructions" "3.0.3"
    "@solana/nominal-types" "3.0.3"
    "@solana/rpc-types" "3.0.3"

"@solana/transactions@3.0.3":
  version "3.0.3"
  resolved "https://registry.yarnpkg.com/@solana/transactions/-/transactions-3.0.3.tgz#15ddc1136eade63d2c3b17c956d2f87e289269bb"
  integrity sha512-iMX+n9j4ON7H1nKlWEbMqMOpKYC6yVGxKKmWHT1KdLRG7v+03I4DnDeFoI+Zmw56FA+7Bbne8jwwX60Q1vk/MQ==
  dependencies:
    "@solana/addresses" "3.0.3"
    "@solana/codecs-core" "3.0.3"
    "@solana/codecs-data-structures" "3.0.3"
    "@solana/codecs-numbers" "3.0.3"
    "@solana/codecs-strings" "3.0.3"
    "@solana/errors" "3.0.3"
    "@solana/functional" "3.0.3"
    "@solana/instructions" "3.0.3"
    "@solana/keys" "3.0.3"
    "@solana/nominal-types" "3.0.3"
    "@solana/rpc-types" "3.0.3"
    "@solana/transaction-messages" "3.0.3"

"@types/node@^24.5.2":
  version "24.6.1"
  resolved "https://registry.yarnpkg.com/@types/node/-/node-24.6.1.tgz#29cd365beb4419b3b8271c7464f1a563446d7481"
  integrity sha512-ljvjjs3DNXummeIaooB4cLBKg2U6SPI6Hjra/9rRIy7CpM0HpLtG9HptkMKAb4HYWy5S7HUvJEuWgr/y0U8SHw==
  dependencies:
    undici-types "~7.13.0"

"@types/prompt-sync@^4.2.3":
  version "4.2.3"
  resolved "https://registry.yarnpkg.com/@types/prompt-sync/-/prompt-sync-4.2.3.tgz#b6a9fe88fc4b4cacb8ab59f87f2614d6e674e177"
  integrity sha512-Ox77gCSx0YyeakGt/qfOZUSFNSSi+sh3ABoGOiCwiO2KODx492BJnUm9oIXS+AHJtqp12iM4RduY6viTJ9bYwA==

ansi-regex@^4.1.0:
  version "4.1.1"
  resolved "https://registry.yarnpkg.com/ansi-regex/-/ansi-regex-4.1.1.tgz#164daac87ab2d6f6db3a29875e2d1766582dabed"
  integrity sha512-ILlv4k/3f6vfQ4OoP2AGvirOktlQ98ZEL1k9FaQjxa3L1abBgbuTDAdPOpvbGncC0BTVQrl+OM8xZGK6tWXt7g==

base-x@^5.0.0:
  version "5.0.1"
  resolved "https://registry.yarnpkg.com/base-x/-/base-x-5.0.1.tgz#16bf35254be1df8aca15e36b7c1dda74b2aa6b03"
  integrity sha512-M7uio8Zt++eg3jPj+rHMfCC+IuygQHHCOU+IYsVtik6FWjuYpVt/+MRKcgsAMHh8mMFAwnB+Bs+mTrFiXjMzKg==

bs58@^6.0.0:
  version "6.0.0"
  resolved "https://registry.yarnpkg.com/bs58/-/bs58-6.0.0.tgz#a2cda0130558535dd281a2f8697df79caaf425d8"
  integrity sha512-PD0wEnEYg6ijszw/u8s+iI3H17cTymlrwkKhDhPZq+Sokl3AU4htyBFTjAeNAlCCmg0f53g6ih3jATyCKftTfw==
  dependencies:
    base-x "^5.0.0"

call-bind-apply-helpers@^1.0.0, call-bind-apply-helpers@^1.0.1, call-bind-apply-helpers@^1.0.2:
  version "1.0.2"
  resolved "https://registry.yarnpkg.com/call-bind-apply-helpers/-/call-bind-apply-helpers-1.0.2.tgz#4b5428c222be985d79c3d82657479dbe0b59b2d6"
  integrity sha512-Sp1ablJ0ivDkSzjcaJdxEunN5/XvksFJ2sMBFfq6x0ryhQV/2b/KwFe21cMpmHtPOSij8K99/wSfoEuTObmuMQ==
  dependencies:
    es-errors "^1.3.0"
    function-bind "^1.1.2"

call-bind@^1.0.8:
  version "1.0.8"
  resolved "https://registry.yarnpkg.com/call-bind/-/call-bind-1.0.8.tgz#0736a9660f537e3388826f440d5ec45f744eaa4c"
  integrity sha512-oKlSFMcMwpUg2ednkhQ454wfWiU/ul3CkJe/PEHcTKuiX6RpbehUiFMXu13HalGZxfUwCQzZG747YXBn1im9ww==
  dependencies:
    call-bind-apply-helpers "^1.0.0"
    es-define-property "^1.0.0"
    get-intrinsic "^1.2.4"
    set-function-length "^1.2.2"

call-bound@^1.0.4:
  version "1.0.4"
  resolved "https://registry.yarnpkg.com/call-bound/-/call-bound-1.0.4.tgz#238de935d2a2a692928c538c7ccfa91067fd062a"
  integrity sha512-+ys997U96po4Kx/ABpBCqhA9EuxJaQWDQg7295H4hBphv3IZg0boBKuwYpt4YXp6MZ5AmZQnU/tyMTlRpaSejg==
  dependencies:
    call-bind-apply-helpers "^1.0.2"
    get-intrinsic "^1.3.0"

chalk@5.6.2:
  version "5.6.2"
  resolved "https://registry.yarnpkg.com/chalk/-/chalk-5.6.2.tgz#b1238b6e23ea337af71c7f8a295db5af0c158aea"
  integrity sha512-7NzBL0rN6fMUW+f7A6Io4h40qQlG+xGmtMxfbnH/K7TAtt8JQWVQK+6g0UXKMeVJoyV5EkkNsErQ8pVD3bLHbA==

codama@^1.3.7:
  version "1.3.7"
  resolved "https://registry.yarnpkg.com/codama/-/codama-1.3.7.tgz#72ca630246c04fb8d73f4fca48c119aade473431"
  integrity sha512-+pUJrvSG3bO4QvfcWfc14p3sklzHRB/lV4gjnXPhyb7T6nCFwYpNWv6/bFuqQyUSgSNI1n3tst/I9EhoPXOjbw==
  dependencies:
    "@codama/cli" "1.3.5"
    "@codama/errors" "1.3.7"
    "@codama/nodes" "1.3.7"
    "@codama/validators" "1.3.7"
    "@codama/visitors" "1.3.7"

commander@14.0.0:
  version "14.0.0"
  resolved "https://registry.yarnpkg.com/commander/-/commander-14.0.0.tgz#f244fc74a92343514e56229f16ef5c5e22ced5e9"
  integrity sha512-2uM9rYjPvyq39NwLRqaiLtWHyDC1FvryJDa2ATTVims5YAS4PupsEQsDvP14FqhFr0P49CYDugi59xaxJlTXRA==

commander@^14.0.1:
  version "14.0.1"
  resolved "https://registry.yarnpkg.com/commander/-/commander-14.0.1.tgz#2f9225c19e6ebd0dc4404dd45821b2caa17ea09b"
  integrity sha512-2JkV3gUZUVrbNA+1sjBOYLsMZ5cEEl8GTFP2a4AVz5hvasAMCQ1D2l2le/cX+pV4N6ZU17zjUahLpIXRrnWL8A==

define-data-property@^1.1.4:
  version "1.1.4"
  resolved "https://registry.yarnpkg.com/define-data-property/-/define-data-property-1.1.4.tgz#894dc141bb7d3060ae4366f6a0107e68fbe48c5e"
  integrity sha512-rBMvIzlpA8v6E+SJZoo++HAYqsLrkg7MSfIinMPFhmkorw7X+dOXVJQs+QT69zGkzMyfDnIMN2Wid1+NbL3T+A==
  dependencies:
    es-define-property "^1.0.0"
    es-errors "^1.3.0"
    gopd "^1.0.1"

dunder-proto@^1.0.1:
  version "1.0.1"
  resolved "https://registry.yarnpkg.com/dunder-proto/-/dunder-proto-1.0.1.tgz#d7ae667e1dc83482f8b70fd0f6eefc50da30f58a"
  integrity sha512-KIN/nDJBQRcXw0MLVhZE9iQHmG68qAVIBg9CqmUYjmQIhgij9U5MFvrqkUL5FbtyyzZuOeOt0zdeRe4UY7ct+A==
  dependencies:
    call-bind-apply-helpers "^1.0.1"
    es-errors "^1.3.0"
    gopd "^1.2.0"

es-define-property@^1.0.0, es-define-property@^1.0.1:
  version "1.0.1"
  resolved "https://registry.yarnpkg.com/es-define-property/-/es-define-property-1.0.1.tgz#983eb2f9a6724e9303f61addf011c72e09e0b0fa"
  integrity sha512-e3nRfgfUZ4rNGL232gUgX06QNyyez04KdjFrF+LTRoOXmrOgFKDg4BCdsjW8EnT69eqdYGmRpJwiPVYNrCaW3g==

es-errors@^1.3.0:
  version "1.3.0"
  resolved "https://registry.yarnpkg.com/es-errors/-/es-errors-1.3.0.tgz#05f75a25dab98e4fb1dcd5e1472c0546d5057c8f"
  integrity sha512-Zf5H2Kxt2xjTvbJvP2ZWLEICxA6j+hAmMzIlypy4xcBg1vKVnx89Wy0GbS+kf5cwCVFFzdCFh2XSCFNULS6csw==

es-object-atoms@^1.0.0, es-object-atoms@^1.1.1:
  version "1.1.1"
  resolved "https://registry.yarnpkg.com/es-object-atoms/-/es-object-atoms-1.1.1.tgz#1c4f2c4837327597ce69d2ca190a7fdd172338c1"
  integrity sha512-FGgH2h8zKNim9ljj7dankFPcICIK9Cp5bm+c2gQSYePhpaG5+esrLODihIorn+Pe6FGJzWhXQotPv73jTaldXA==
  dependencies:
    es-errors "^1.3.0"

esbuild@~0.25.0:
  version "0.25.10"
  resolved "https://registry.yarnpkg.com/esbuild/-/esbuild-0.25.10.tgz#37f5aa5cd14500f141be121c01b096ca83ac34a9"
  integrity sha512-9RiGKvCwaqxO2owP61uQ4BgNborAQskMR6QusfWzQqv7AZOg5oGehdY2pRJMTKuwxd1IDBP4rSbI5lHzU7SMsQ==
  optionalDependencies:
    "@esbuild/aix-ppc64" "0.25.10"
    "@esbuild/android-arm" "0.25.10"
    "@esbuild/android-arm64" "0.25.10"
    "@esbuild/android-x64" "0.25.10"
    "@esbuild/darwin-arm64" "0.25.10"
    "@esbuild/darwin-x64" "0.25.10"
    "@esbuild/freebsd-arm64" "0.25.10"
    "@esbuild/freebsd-x64" "0.25.10"
    "@esbuild/linux-arm" "0.25.10"
    "@esbuild/linux-arm64" "0.25.10"
    "@esbuild/linux-ia32" "0.25.10"
    "@esbuild/linux-loong64" "0.25.10"
    "@esbuild/linux-mips64el" "0.25.10"
    "@esbuild/linux-ppc64" "0.25.10"
    "@esbuild/linux-riscv64" "0.25.10"
    "@esbuild/linux-s390x" "0.25.10"
    "@esbuild/linux-x64" "0.25.10"
    "@esbuild/netbsd-arm64" "0.25.10"
    "@esbuild/netbsd-x64" "0.25.10"
    "@esbuild/openbsd-arm64" "0.25.10"
    "@esbuild/openbsd-x64" "0.25.10"
    "@esbuild/openharmony-arm64" "0.25.10"
    "@esbuild/sunos-x64" "0.25.10"
    "@esbuild/win32-arm64" "0.25.10"
    "@esbuild/win32-ia32" "0.25.10"
    "@esbuild/win32-x64" "0.25.10"

fsevents@~2.3.3:
  version "2.3.3"
  resolved "https://registry.yarnpkg.com/fsevents/-/fsevents-2.3.3.tgz#cac6407785d03675a2a5e1a5305c697b347d90d6"
  integrity sha512-5xoDfX+fL7faATnagmWPpbFtwh/R77WmMMqqHGS65C3vvB0YHrgF+B1YmZ3441tMj5n63k0212XNoJwzlhffQw==

function-bind@^1.1.2:
  version "1.1.2"
  resolved "https://registry.yarnpkg.com/function-bind/-/function-bind-1.1.2.tgz#2c02d864d97f3ea6c8830c464cbd11ab6eab7a1c"
  integrity sha512-7XHNxH7qX9xG5mIwxkhumTox/MIRNcOgDrxWsMt2pAr23WHp6MrRlN7FBSFpCpr+oVO0F744iUgR82nJMfG2SA==

get-intrinsic@^1.2.4, get-intrinsic@^1.3.0:
  version "1.3.0"
  resolved "https://registry.yarnpkg.com/get-intrinsic/-/get-intrinsic-1.3.0.tgz#743f0e3b6964a93a5491ed1bffaae054d7f98d01"
  integrity sha512-9fSjSaos/fRIVIp+xSJlE6lfwhES7LNtKaCBIamHsjr2na1BiABJPo0mOjjz8GJDURarmCPGqaiVg5mfjb98CQ==
  dependencies:
    call-bind-apply-helpers "^1.0.2"
    es-define-property "^1.0.1"
    es-errors "^1.3.0"
    es-object-atoms "^1.1.1"
    function-bind "^1.1.2"
    get-proto "^1.0.1"
    gopd "^1.2.0"
    has-symbols "^1.1.0"
    hasown "^2.0.2"
    math-intrinsics "^1.1.0"

get-proto@^1.0.1:
  version "1.0.1"
  resolved "https://registry.yarnpkg.com/get-proto/-/get-proto-1.0.1.tgz#150b3f2743869ef3e851ec0c49d15b1d14d00ee1"
  integrity sha512-sTSfBjoXBp89JvIKIefqw7U2CCebsc74kiY6awiGogKtoSGbgjYE/G/+l9sF3MWFPNc9IcoOC4ODfKHfxFmp0g==
  dependencies:
    dunder-proto "^1.0.1"
    es-object-atoms "^1.0.0"

get-tsconfig@^4.7.5:
  version "4.10.1"
  resolved "https://registry.yarnpkg.com/get-tsconfig/-/get-tsconfig-4.10.1.tgz#d34c1c01f47d65a606c37aa7a177bc3e56ab4b2e"
  integrity sha512-auHyJ4AgMz7vgS8Hp3N6HXSmlMdUyhSUrfBF16w153rxtLIEOE+HGqaBppczZvnHLqQJfiHotCYpNhl0lUROFQ==
  dependencies:
    resolve-pkg-maps "^1.0.0"

gopd@^1.0.1, gopd@^1.2.0:
  version "1.2.0"
  resolved "https://registry.yarnpkg.com/gopd/-/gopd-1.2.0.tgz#89f56b8217bdbc8802bd299df6d7f1081d7e51a1"
  integrity sha512-ZUKRh6/kUFoAiTAtTYPZJ3hw9wNxx+BIBOijnlG9PnrJsCcSjs1wyyD6vJpaYtgnzDrKYRSqf3OO6Rfa93xsRg==

has-property-descriptors@^1.0.2:
  version "1.0.2"
  resolved "https://registry.yarnpkg.com/has-property-descriptors/-/has-property-descriptors-1.0.2.tgz#963ed7d071dc7bf5f084c5bfbe0d1b6222586854"
  integrity sha512-55JNKuIW+vq4Ke1BjOTjM2YctQIvCT7GFzHwmfZPGo5wnrgkid0YQtnAleFSqumZm4az3n2BS+erby5ipJdgrg==
  dependencies:
    es-define-property "^1.0.0"

has-symbols@^1.1.0:
  version "1.1.0"
  resolved "https://registry.yarnpkg.com/has-symbols/-/has-symbols-1.1.0.tgz#fc9c6a783a084951d0b971fe1018de813707a338"
  integrity sha512-1cDNdwJ2Jaohmb3sg4OmKaMBwuC48sYni5HUw2DvsC8LjGTLK9h+eb1X6RyuOHe4hT0ULCW68iomhjUoKUqlPQ==

hasown@^2.0.2:
  version "2.0.2"
  resolved "https://registry.yarnpkg.com/hasown/-/hasown-2.0.2.tgz#003eaf91be7adc372e84ec59dc37252cedb80003"
  integrity sha512-0hJU9SCPvmMzIBdZFqNPXWa6dqh7WdH0cII9y+CyS8rG3nL48Bclra9HmKhVVUHyPWNH5Y7xDwAB7bfgSjkUMQ==
  dependencies:
    function-bind "^1.1.2"

isarray@^2.0.5:
  version "2.0.5"
  resolved "https://registry.yarnpkg.com/isarray/-/isarray-2.0.5.tgz#8af1e4c1221244cc62459faf38940d4e644a5723"
  integrity sha512-xHjhDr3cNBK0BzdUJSPXZntQUx/mwMS5Rw4A7lPJ90XGAO6ISP/ePDNuo0vhqOZU+UD5JoodwCAAoZQd3FeAKw==

json-stable-stringify@^1.3.0:
  version "1.3.0"
  resolved "https://registry.yarnpkg.com/json-stable-stringify/-/json-stable-stringify-1.3.0.tgz#8903cfac42ea1a0f97f35d63a4ce0518f0cc6a70"
  integrity sha512-qtYiSSFlwot9XHtF9bD9c7rwKjr+RecWT//ZnPvSmEjpV5mmPOCN4j8UjY5hbjNkOwZ/jQv3J6R1/pL7RwgMsg==
  dependencies:
    call-bind "^1.0.8"
    call-bound "^1.0.4"
    isarray "^2.0.5"
    jsonify "^0.0.1"
    object-keys "^1.1.1"

jsonify@^0.0.1:
  version "0.0.1"
  resolved "https://registry.yarnpkg.com/jsonify/-/jsonify-0.0.1.tgz#2aa3111dae3d34a0f151c63f3a45d995d9420978"
  integrity sha512-2/Ki0GcmuqSrgFyelQq9M05y7PS0mEwuIzrf3f1fPqkVDVRvZrPZtVSMHxdgo8Aq0sxAOb/cr2aqqA3LeWHVPg==

kleur@^3.0.3:
  version "3.0.3"
  resolved "https://registry.yarnpkg.com/kleur/-/kleur-3.0.3.tgz#a79c9ecc86ee1ce3fa6206d1216c501f147fc07e"
  integrity sha512-eTIzlVOSUR+JxdDFepEYcBMtZ9Qqdef+rnzWdRZuMbOywu5tO2w2N7rqjoANZ5k9vywhL6Br1VRjUIgTQx4E8w==

math-intrinsics@^1.1.0:
  version "1.1.0"
  resolved "https://registry.yarnpkg.com/math-intrinsics/-/math-intrinsics-1.1.0.tgz#a0dd74be81e2aa5c2f27e65ce283605ee4e2b7f9"
  integrity sha512-/IXtbwEk5HTPyEwyKX6hGkYXxM9nbj64B+ilVJnC/R6B0pH5G4V3b0pVbL7DBj4tkhBAppbQUlf6F6Xl9LHu1g==

object-keys@^1.1.1:
  version "1.1.1"
  resolved "https://registry.yarnpkg.com/object-keys/-/object-keys-1.1.1.tgz#1c47f272df277f3b1daf061677d9c82e2322c60e"
  integrity sha512-NuAESUOUMrlIXOfHKzD6bpPu3tYt3xvjNdRIQ+FeT0lNb4K8WR70CaDxhuNguS2XG+GjkyMwOzsN5ZktImfhLA==

picocolors@^1.1.1:
  version "1.1.1"
  resolved "https://registry.yarnpkg.com/picocolors/-/picocolors-1.1.1.tgz#3d321af3eab939b083c8f929a1d12cda81c26b6b"
  integrity sha512-xceH2snhtb5M9liqDsmEw56le376mTZkEX/jEb/RxNFyegNul7eNslCXP9FDj/Lcu0X8KEyMceP2ntpaHrDEVA==

prettier@^3.6.2:
  version "3.6.2"
  resolved "https://registry.yarnpkg.com/prettier/-/prettier-3.6.2.tgz#ccda02a1003ebbb2bfda6f83a074978f608b9393"
  integrity sha512-I7AIg5boAr5R0FFtJ6rCfD+LFsWHp81dolrFD8S79U9tb8Az2nGrJncnMSnys+bpQJfRUzqs9hnA81OAA3hCuQ==

prompt-sync@^4.2.0:
  version "4.2.0"
  resolved "https://registry.yarnpkg.com/prompt-sync/-/prompt-sync-4.2.0.tgz#0198f73c5b70e3b03e4b9033a50540a7c9a1d7f4"
  integrity sha512-BuEzzc5zptP5LsgV5MZETjDaKSWfchl5U9Luiu8SKp7iZWD5tZalOxvNcZRwv+d2phNFr8xlbxmFNcRKfJOzJw==
  dependencies:
    strip-ansi "^5.0.0"

prompts@^2.4.2:
  version "2.4.2"
  resolved "https://registry.yarnpkg.com/prompts/-/prompts-2.4.2.tgz#7b57e73b3a48029ad10ebd44f74b01722a4cb069"
  integrity sha512-NxNv/kLguCA7p3jE8oL2aEBsrJWgAakBpgmgK6lpPWV+WuOmY6r2/zbAVnP+T8bQlA0nzHXSJSJW0Hq7ylaD2Q==
  dependencies:
    kleur "^3.0.3"
    sisteransi "^1.0.5"

resolve-pkg-maps@^1.0.0:
  version "1.0.0"
  resolved "https://registry.yarnpkg.com/resolve-pkg-maps/-/resolve-pkg-maps-1.0.0.tgz#616b3dc2c57056b5588c31cdf4b3d64db133720f"
  integrity sha512-seS2Tj26TBVOC2NIc2rOe2y2ZO7efxITtLZcGSOnHHNOQ7CkiUBfw0Iw2ck6xkIhPwLhKNLS8BO+hEpngQlqzw==

set-function-length@^1.2.2:
  version "1.2.2"
  resolved "https://registry.yarnpkg.com/set-function-length/-/set-function-length-1.2.2.tgz#aac72314198eaed975cf77b2c3b6b880695e5449"
  integrity sha512-pgRc4hJ4/sNjWCSS9AmnS40x3bNMDTknHgL5UaMBTMyJnU90EgWh1Rz+MC9eFu4BuN/UwZjKQuY/1v3rM7HMfg==
  dependencies:
    define-data-property "^1.1.4"
    es-errors "^1.3.0"
    function-bind "^1.1.2"
    get-intrinsic "^1.2.4"
    gopd "^1.0.1"
    has-property-descriptors "^1.0.2"

sisteransi@^1.0.5:
  version "1.0.5"
  resolved "https://registry.yarnpkg.com/sisteransi/-/sisteransi-1.0.5.tgz#134d681297756437cc05ca01370d3a7a571075ed"
  integrity sha512-bLGGlR1QxBcynn2d5YmDX4MGjlZvy2MRBDRNHLJ8VI6l6+9FUiyTFNJ0IveOSP0bcXgVDPRcfGqA0pjaqUpfVg==

strip-ansi@^5.0.0:
  version "5.2.0"
  resolved "https://registry.yarnpkg.com/strip-ansi/-/strip-ansi-5.2.0.tgz#8c9a536feb6afc962bdfa5b104a5091c1ad9c0ae"
  integrity sha512-DuRs1gKbBqsMKIZlrffwlug8MHkcnpjs5VPmL1PAh+mA30U0DTotfDZ0d2UUsXpPmPmMMJ6W773MaA3J+lbiWA==
  dependencies:
    ansi-regex "^4.1.0"

tsx@^4.20.5:
  version "4.20.6"
  resolved "https://registry.yarnpkg.com/tsx/-/tsx-4.20.6.tgz#8fb803fd9c1f70e8ccc93b5d7c5e03c3979ccb2e"
  integrity sha512-ytQKuwgmrrkDTFP4LjR0ToE2nqgy886GpvRSpU0JAnrdBYppuY5rLkRUYPU1yCryb24SsKBTL/hlDQAEFVwtZg==
  dependencies:
    esbuild "~0.25.0"
    get-tsconfig "^4.7.5"
  optionalDependencies:
    fsevents "~2.3.3"

typescript@^5.9.2:
  version "5.9.3"
  resolved "https://registry.yarnpkg.com/typescript/-/typescript-5.9.3.tgz#5b4f59e15310ab17a216f5d6cf53ee476ede670f"
  integrity sha512-jl1vZzPDinLr9eUt3J/t7V6FgNEw9QjvBPdysz9KfQDD41fQrC2Y4vKQdiaUpFT4bXlb1RHhLpp8wtm6M5TgSw==

undici-types@^7.15.0:
  version "7.16.0"
  resolved "https://registry.yarnpkg.com/undici-types/-/undici-types-7.16.0.tgz#ffccdff36aea4884cbfce9a750a0580224f58a46"
  integrity sha512-Zz+aZWSj8LE6zoxD+xrjh4VfkIG8Ya6LvYkZqtUQGJPZjYl53ypCaUwWqo7eI0x66KBGeRo+mlBEkMSeSZ38Nw==

undici-types@~7.13.0:
  version "7.13.0"
  resolved "https://registry.yarnpkg.com/undici-types/-/undici-types-7.13.0.tgz#a20ba7c0a2be0c97bd55c308069d29d167466bff"
  integrity sha512-Ov2Rr9Sx+fRgagJ5AX0qvItZG/JKKoBRAVITs1zk7IqZGTJUwgUr7qoYBpWwakpWilTZFM98rG/AFRocu10iIQ==

ws@^8.18.3:
  version "8.18.3"
  resolved "https://registry.yarnpkg.com/ws/-/ws-8.18.3.tgz#b56b88abffde62791c639170400c93dcb0c95472"
  integrity sha512-PEIGCY5tSlUt50cqyMXfCzX+oOPqN0vuGqWzbcJ2xvnkzkq46oOpz7dQaTDBdfICb4N14+GARUDw2XV2N4tvzg==
